// !$*UTF8*$!
{
	archiveVersion = 1;
	classes = {
	};
	objectVersion = 77;
	objects = {

/* Begin PBXBuildFile section */
		006A8F3F2DF3C8470026A5DD /* PhoneNumberKit in Frameworks */ = {isa = PBXBuildFile; productRef = 006A8F3E2DF3C8470026A5DD /* PhoneNumberKit */; };
		00A1E20F2DEFDD3300065196 /* Cardano in Frameworks */ = {isa = PBXBuildFile; productRef = 00A1E20E2DEFDD3300065196 /* Cardano */; };
		00A1E2112DEFDD3300065196 /* CardanoBlockfrost in Frameworks */ = {isa = PBXBuildFile; productRef = 00A1E2102DEFDD3300065196 /* CardanoBlockfrost */; };
		66268FA02E8A5A5200A0D886 /* FirebaseAnalytics in Frameworks */ = {isa = PBXBuildFile; productRef = 66268F9F2E8A5A5200A0D886 /* FirebaseAnalytics */; };
		66268FA22E8A5A5200A0D886 /* FirebaseAuth in Frameworks */ = {isa = PBXBuildFile; productRef = 66268FA12E8A5A5200A0D886 /* FirebaseAuth */; };
		66268FA42E8A5A5200A0D886 /* FirebaseFirestore in Frameworks */ = {isa = PBXBuildFile; productRef = 66268FA32E8A5A5200A0D886 /* FirebaseFirestore */; };
		66268FA62E8A5A6500A0D886 /* FirebaseMessaging in Frameworks */ = {isa = PBXBuildFile; productRef = 66268FA52E8A5A6500A0D886 /* FirebaseMessaging */; };
		66268FA82E8A5A6500A0D886 /* FirebaseStorage in Frameworks */ = {isa = PBXBuildFile; productRef = 66268FA72E8A5A6500A0D886 /* FirebaseStorage */; };
		66268FAA2E8A5A8B00A0D886 /* FirebaseCrashlytics in Frameworks */ = {isa = PBXBuildFile; productRef = 66268FA92E8A5A8B00A0D886 /* FirebaseCrashlytics */; };
/* End PBXBuildFile section */

/* Begin PBXFileReference section */
		00A1E1C12DEFA2F200065196 /* vendano.app */ = {isa = PBXFileReference; explicitFileType = wrapper.application; includeInIndex = 0; path = vendano.app; sourceTree = BUILT_PRODUCTS_DIR; };
/* End PBXFileReference section */

/* Begin PBXFileSystemSynchronizedBuildFileExceptionSet section */
		6660DCCF2E7A92DA009E4B41 /* Exceptions for "vendano" folder in "vendano" target */ = {
			isa = PBXFileSystemSynchronizedBuildFileExceptionSet;
			membershipExceptions = (
				Info.plist,
			);
			target = 00A1E1C02DEFA2F200065196 /* vendano */;
		};
/* End PBXFileSystemSynchronizedBuildFileExceptionSet section */

/* Begin PBXFileSystemSynchronizedRootGroup section */
		00A1E1C32DEFA2F200065196 /* vendano */ = {
			isa = PBXFileSystemSynchronizedRootGroup;
			exceptions = (
				6660DCCF2E7A92DA009E4B41 /* Exceptions for "vendano" folder in "vendano" target */,
			);
			path = vendano;
			sourceTree = "<group>";
		};
/* End PBXFileSystemSynchronizedRootGroup section */

/* Begin PBXFrameworksBuildPhase section */
		00A1E1BE2DEFA2F200065196 /* Frameworks */ = {
			isa = PBXFrameworksBuildPhase;
			buildActionMask = 2147483647;
			files = (
				00A1E2112DEFDD3300065196 /* CardanoBlockfrost in Frameworks */,
				66268FA22E8A5A5200A0D886 /* FirebaseAuth in Frameworks */,
				66268FA62E8A5A6500A0D886 /* FirebaseMessaging in Frameworks */,
				006A8F3F2DF3C8470026A5DD /* PhoneNumberKit in Frameworks */,
				66268FA02E8A5A5200A0D886 /* FirebaseAnalytics in Frameworks */,
				66268FA82E8A5A6500A0D886 /* FirebaseStorage in Frameworks */,
				66268FAA2E8A5A8B00A0D886 /* FirebaseCrashlytics in Frameworks */,
				00A1E20F2DEFDD3300065196 /* Cardano in Frameworks */,
				66268FA42E8A5A5200A0D886 /* FirebaseFirestore in Frameworks */,
			);
			runOnlyForDeploymentPostprocessing = 0;
		};
/* End PBXFrameworksBuildPhase section */

/* Begin PBXGroup section */
		00A1E1B82DEFA2F100065196 = {
			isa = PBXGroup;
			children = (
				00A1E1C32DEFA2F200065196 /* vendano */,
				66268F9E2E8A5A5200A0D886 /* Frameworks */,
				00A1E1C22DEFA2F200065196 /* Products */,
			);
			sourceTree = "<group>";
		};
		00A1E1C22DEFA2F200065196 /* Products */ = {
			isa = PBXGroup;
			children = (
				00A1E1C12DEFA2F200065196 /* vendano.app */,
			);
			name = Products;
			sourceTree = "<group>";
		};
		66268F9E2E8A5A5200A0D886 /* Frameworks */ = {
			isa = PBXGroup;
			children = (
			);
			name = Frameworks;
			sourceTree = "<group>";
		};
/* End PBXGroup section */

/* Begin PBXNativeTarget section */
		00A1E1C02DEFA2F200065196 /* vendano */ = {
			isa = PBXNativeTarget;
			buildConfigurationList = 00A1E1CC2DEFA2F300065196 /* Build configuration list for PBXNativeTarget "vendano" */;
			buildPhases = (
				00A1E1BD2DEFA2F200065196 /* Sources */,
				00A1E1BE2DEFA2F200065196 /* Frameworks */,
				00A1E1BF2DEFA2F200065196 /* Resources */,
				0038778E2E63097000128A81 /* ShellScript */,
			);
			buildRules = (
			);
			dependencies = (
			);
			fileSystemSynchronizedGroups = (
				00A1E1C32DEFA2F200065196 /* vendano */,
			);
			name = vendano;
			packageProductDependencies = (
				00A1E20E2DEFDD3300065196 /* Cardano */,
				00A1E2102DEFDD3300065196 /* CardanoBlockfrost */,
				006A8F3E2DF3C8470026A5DD /* PhoneNumberKit */,
				66268F9F2E8A5A5200A0D886 /* FirebaseAnalytics */,
				66268FA12E8A5A5200A0D886 /* FirebaseAuth */,
				66268FA32E8A5A5200A0D886 /* FirebaseFirestore */,
				66268FA52E8A5A6500A0D886 /* FirebaseMessaging */,
				66268FA72E8A5A6500A0D886 /* FirebaseStorage */,
				66268FA92E8A5A8B00A0D886 /* FirebaseCrashlytics */,
			);
			productName = vendano;
			productReference = 00A1E1C12DEFA2F200065196 /* vendano.app */;
			productType = "com.apple.product-type.application";
		};
/* End PBXNativeTarget section */

/* Begin PBXProject section */
		00A1E1B92DEFA2F200065196 /* Project object */ = {
			isa = PBXProject;
			attributes = {
				BuildIndependentTargetsInParallel = 1;
				LastSwiftUpdateCheck = 1630;
				LastUpgradeCheck = 1630;
				TargetAttributes = {
					00A1E1C02DEFA2F200065196 = {
						CreatedOnToolsVersion = 16.3;
					};
				};
			};
			buildConfigurationList = 00A1E1BC2DEFA2F200065196 /* Build configuration list for PBXProject "vendano" */;
			developmentRegion = en;
			hasScannedForEncodings = 0;
			knownRegions = (
				en,
				Base,
			);
			mainGroup = 00A1E1B82DEFA2F100065196;
			minimizedProjectReferenceProxies = 1;
			packageReferences = (
				00A1E20D2DEFDD3300065196 /* XCRemoteSwiftPackageReference "Cardano.swift" */,
				006A8F3D2DF3C8470026A5DD /* XCRemoteSwiftPackageReference "PhoneNumberKit" */,
				66268F9D2E8A5A0200A0D886 /* XCRemoteSwiftPackageReference "firebase-ios-sdk" */,
			);
			preferredProjectObjectVersion = 77;
			productRefGroup = 00A1E1C22DEFA2F200065196 /* Products */;
			projectDirPath = "";
			projectRoot = "";
			targets = (
				00A1E1C02DEFA2F200065196 /* vendano */,
			);
		};
/* End PBXProject section */

/* Begin PBXResourcesBuildPhase section */
		00A1E1BF2DEFA2F200065196 /* Resources */ = {
			isa = PBXResourcesBuildPhase;
			buildActionMask = 2147483647;
			files = (
			);
			runOnlyForDeploymentPostprocessing = 0;
		};
/* End PBXResourcesBuildPhase section */

/* Begin PBXShellScriptBuildPhase section */
		0038778E2E63097000128A81 /* ShellScript */ = {
			isa = PBXShellScriptBuildPhase;
			buildActionMask = 2147483647;
			files = (
			);
			inputFileListPaths = (
			);
			inputPaths = (
				"${DWARF_DSYM_FOLDER_PATH}/${DWARF_DSYM_FILE_NAME}",
				"${DWARF_DSYM_FOLDER_PATH}/${DWARF_DSYM_FILE_NAME}/Contents/Resources/DWARF/${PRODUCT_NAME}",
				"${DWARF_DSYM_FOLDER_PATH}/${DWARF_DSYM_FILE_NAME}/Contents/Info.plist",
				"$(TARGET_BUILD_DIR)/$(UNLOCALIZED_RESOURCES_FOLDER_PATH)/GoogleService-Info.plist",
				"$(TARGET_BUILD_DIR)/$(EXECUTABLE_PATH)",
			);
			outputFileListPaths = (
			);
			outputPaths = (
			);
			runOnlyForDeploymentPostprocessing = 0;
			shellPath = /bin/sh;
			shellScript = "\"${BUILD_DIR%/Build/*}/SourcePackages/checkouts/firebase-ios-sdk/Crashlytics/run\"\n";
		};
/* End PBXShellScriptBuildPhase section */

/* Begin PBXSourcesBuildPhase section */
		00A1E1BD2DEFA2F200065196 /* Sources */ = {
			isa = PBXSourcesBuildPhase;
			buildActionMask = 2147483647;
			files = (
			);
			runOnlyForDeploymentPostprocessing = 0;
		};
/* End PBXSourcesBuildPhase section */

/* Begin XCBuildConfiguration section */
		00A1E1CA2DEFA2F300065196 /* Debug */ = {
			isa = XCBuildConfiguration;
			buildSettings = {
				ALWAYS_SEARCH_USER_PATHS = NO;
				ASSETCATALOG_COMPILER_GENERATE_SWIFT_ASSET_SYMBOL_EXTENSIONS = YES;
				CLANG_ANALYZER_NONNULL = YES;
				CLANG_ANALYZER_NUMBER_OBJECT_CONVERSION = YES_AGGRESSIVE;
				CLANG_CXX_LANGUAGE_STANDARD = "gnu++20";
				CLANG_ENABLE_MODULES = YES;
				CLANG_ENABLE_OBJC_ARC = YES;
				CLANG_ENABLE_OBJC_WEAK = YES;
				CLANG_WARN_BLOCK_CAPTURE_AUTORELEASING = YES;
				CLANG_WARN_BOOL_CONVERSION = YES;
				CLANG_WARN_COMMA = YES;
				CLANG_WARN_CONSTANT_CONVERSION = YES;
				CLANG_WARN_DEPRECATED_OBJC_IMPLEMENTATIONS = YES;
				CLANG_WARN_DIRECT_OBJC_ISA_USAGE = YES_ERROR;
				CLANG_WARN_DOCUMENTATION_COMMENTS = YES;
				CLANG_WARN_EMPTY_BODY = YES;
				CLANG_WARN_ENUM_CONVERSION = YES;
				CLANG_WARN_INFINITE_RECURSION = YES;
				CLANG_WARN_INT_CONVERSION = YES;
				CLANG_WARN_NON_LITERAL_NULL_CONVERSION = YES;
				CLANG_WARN_OBJC_IMPLICIT_RETAIN_SELF = YES;
				CLANG_WARN_OBJC_LITERAL_CONVERSION = YES;
				CLANG_WARN_OBJC_ROOT_CLASS = YES_ERROR;
				CLANG_WARN_QUOTED_INCLUDE_IN_FRAMEWORK_HEADER = YES;
				CLANG_WARN_RANGE_LOOP_ANALYSIS = YES;
				CLANG_WARN_STRICT_PROTOTYPES = YES;
				CLANG_WARN_SUSPICIOUS_MOVE = YES;
				CLANG_WARN_UNGUARDED_AVAILABILITY = YES_AGGRESSIVE;
				CLANG_WARN_UNREACHABLE_CODE = YES;
				CLANG_WARN__DUPLICATE_METHOD_MATCH = YES;
				COPY_PHASE_STRIP = NO;
				DEBUG_INFORMATION_FORMAT = "dwarf-with-dsym";
				DEVELOPMENT_TEAM = T4VXPLC8GZ;
				ENABLE_STRICT_OBJC_MSGSEND = YES;
				ENABLE_TESTABILITY = YES;
				ENABLE_USER_SCRIPT_SANDBOXING = YES;
				GCC_C_LANGUAGE_STANDARD = gnu17;
				GCC_DYNAMIC_NO_PIC = NO;
				GCC_NO_COMMON_BLOCKS = YES;
				GCC_OPTIMIZATION_LEVEL = 0;
				GCC_PREPROCESSOR_DEFINITIONS = (
					"DEBUG=1",
					"$(inherited)",
				);
				GCC_WARN_64_TO_32_BIT_CONVERSION = YES;
				GCC_WARN_ABOUT_RETURN_TYPE = YES_ERROR;
				GCC_WARN_UNDECLARED_SELECTOR = YES;
				GCC_WARN_UNINITIALIZED_AUTOS = YES_AGGRESSIVE;
				GCC_WARN_UNUSED_FUNCTION = YES;
				GCC_WARN_UNUSED_VARIABLE = YES;
				IPHONEOS_DEPLOYMENT_TARGET = 18.4;
				LOCALIZATION_PREFERS_STRING_CATALOGS = YES;
				MTL_ENABLE_DEBUG_INFO = INCLUDE_SOURCE;
				MTL_FAST_MATH = YES;
				ONLY_ACTIVE_ARCH = YES;
				SDKROOT = iphoneos;
				SWIFT_ACTIVE_COMPILATION_CONDITIONS = "DEBUG $(inherited)";
				SWIFT_OPTIMIZATION_LEVEL = "-O";
			};
			name = Debug;
		};
		00A1E1CB2DEFA2F300065196 /* Release */ = {
			isa = XCBuildConfiguration;
			baseConfigurationReferenceAnchor = 00A1E1C32DEFA2F200065196 /* vendano */;
			baseConfigurationReferenceRelativePath = "Vendano-Release.xcconfig";
			buildSettings = {
				ALWAYS_SEARCH_USER_PATHS = NO;
				ASSETCATALOG_COMPILER_GENERATE_SWIFT_ASSET_SYMBOL_EXTENSIONS = YES;
				CLANG_ANALYZER_NONNULL = YES;
				CLANG_ANALYZER_NUMBER_OBJECT_CONVERSION = YES_AGGRESSIVE;
				CLANG_CXX_LANGUAGE_STANDARD = "gnu++20";
				CLANG_ENABLE_MODULES = YES;
				CLANG_ENABLE_OBJC_ARC = YES;
				CLANG_ENABLE_OBJC_WEAK = YES;
				CLANG_WARN_BLOCK_CAPTURE_AUTORELEASING = YES;
				CLANG_WARN_BOOL_CONVERSION = YES;
				CLANG_WARN_COMMA = YES;
				CLANG_WARN_CONSTANT_CONVERSION = YES;
				CLANG_WARN_DEPRECATED_OBJC_IMPLEMENTATIONS = YES;
				CLANG_WARN_DIRECT_OBJC_ISA_USAGE = YES_ERROR;
				CLANG_WARN_DOCUMENTATION_COMMENTS = YES;
				CLANG_WARN_EMPTY_BODY = YES;
				CLANG_WARN_ENUM_CONVERSION = YES;
				CLANG_WARN_INFINITE_RECURSION = YES;
				CLANG_WARN_INT_CONVERSION = YES;
				CLANG_WARN_NON_LITERAL_NULL_CONVERSION = YES;
				CLANG_WARN_OBJC_IMPLICIT_RETAIN_SELF = YES;
				CLANG_WARN_OBJC_LITERAL_CONVERSION = YES;
				CLANG_WARN_OBJC_ROOT_CLASS = YES_ERROR;
				CLANG_WARN_QUOTED_INCLUDE_IN_FRAMEWORK_HEADER = YES;
				CLANG_WARN_RANGE_LOOP_ANALYSIS = YES;
				CLANG_WARN_STRICT_PROTOTYPES = YES;
				CLANG_WARN_SUSPICIOUS_MOVE = YES;
				CLANG_WARN_UNGUARDED_AVAILABILITY = YES_AGGRESSIVE;
				CLANG_WARN_UNREACHABLE_CODE = YES;
				CLANG_WARN__DUPLICATE_METHOD_MATCH = YES;
				COPY_PHASE_STRIP = NO;
				DEBUG_INFORMATION_FORMAT = "dwarf-with-dsym";
				DEVELOPMENT_TEAM = T4VXPLC8GZ;
				ENABLE_NS_ASSERTIONS = NO;
				ENABLE_STRICT_OBJC_MSGSEND = YES;
				ENABLE_USER_SCRIPT_SANDBOXING = YES;
				GCC_C_LANGUAGE_STANDARD = gnu17;
				GCC_NO_COMMON_BLOCKS = YES;
				GCC_WARN_64_TO_32_BIT_CONVERSION = YES;
				GCC_WARN_ABOUT_RETURN_TYPE = YES_ERROR;
				GCC_WARN_UNDECLARED_SELECTOR = YES;
				GCC_WARN_UNINITIALIZED_AUTOS = YES_AGGRESSIVE;
				GCC_WARN_UNUSED_FUNCTION = YES;
				GCC_WARN_UNUSED_VARIABLE = YES;
				IPHONEOS_DEPLOYMENT_TARGET = 18.4;
				LOCALIZATION_PREFERS_STRING_CATALOGS = YES;
				MTL_ENABLE_DEBUG_INFO = NO;
				MTL_FAST_MATH = YES;
				SDKROOT = iphoneos;
				SWIFT_COMPILATION_MODE = singlefile;
				VALIDATE_PRODUCT = YES;
			};
			name = Release;
		};
		00A1E1CD2DEFA2F300065196 /* Debug */ = {
			isa = XCBuildConfiguration;
			buildSettings = {
				ASSETCATALOG_COMPILER_ALTERNATE_APPICON_NAMES = "hosky-icon";
				ASSETCATALOG_COMPILER_APPICON_NAME = AppIcon;
				ASSETCATALOG_COMPILER_GLOBAL_ACCENT_COLOR_NAME = AccentColor;
				ASSETCATALOG_COMPILER_INCLUDE_ALL_APPICON_ASSETS = YES;
				CODE_SIGN_ENTITLEMENTS = vendano/vendano.entitlements;
				CODE_SIGN_STYLE = Automatic;
				CURRENT_PROJECT_VERSION = 6;
				DEBUG_INFORMATION_FORMAT = "dwarf-with-dsym";
				DEVELOPMENT_TEAM = 2H79A75SP9;
				ENABLE_PREVIEWS = YES;
				GENERATE_INFOPLIST_FILE = YES;
				INFOPLIST_FILE = vendano/Info.plist;
				INFOPLIST_KEY_CFBundleDisplayName = Vendano;
				INFOPLIST_KEY_LSApplicationCategoryType = "public.app-category.finance";
				INFOPLIST_KEY_NSFaceIDUsageDescription = "Vendano uses Face ID to confirm it’s you before sending ADA, so only you can authorize transactions.";
				INFOPLIST_KEY_UIApplicationSceneManifest_Generation = YES;
				INFOPLIST_KEY_UIApplicationSupportsIndirectInputEvents = YES;
				INFOPLIST_KEY_UIRequiresFullScreen = YES;
				INFOPLIST_KEY_UISupportedInterfaceOrientations = UIInterfaceOrientationPortrait;
				INFOPLIST_KEY_UISupportedInterfaceOrientations_iPad = "UIInterfaceOrientationLandscapeLeft UIInterfaceOrientationLandscapeRight UIInterfaceOrientationPortrait";
				IPHONEOS_DEPLOYMENT_TARGET = 18.0;
				LD_RUNPATH_SEARCH_PATHS = (
					"$(inherited)",
					"@executable_path/Frameworks",
				);
				MARKETING_VERSION = 1.01;
				OTHER_LDFLAGS = "-ObjC";
				OTHER_SWIFT_FLAGS = "";
				PRODUCT_BUNDLE_IDENTIFIER = net.vendano.iOS;
				PRODUCT_NAME = "$(TARGET_NAME)";
				SUPPORTED_PLATFORMS = "iphoneos iphonesimulator";
				SUPPORTS_MACCATALYST = NO;
				SUPPORTS_MAC_DESIGNED_FOR_IPHONE_IPAD = NO;
				SUPPORTS_XR_DESIGNED_FOR_IPHONE_IPAD = NO;
				SWIFT_COMPILATION_MODE = singlefile;
				SWIFT_EMIT_LOC_STRINGS = YES;
				SWIFT_OPTIMIZATION_LEVEL = "-Onone";
				SWIFT_VERSION = 5.0;
				TARGETED_DEVICE_FAMILY = "1,2";
				VALIDATE_PRODUCT = NO;
			};
			name = Debug;
		};
		00A1E1CE2DEFA2F300065196 /* Release */ = {
			isa = XCBuildConfiguration;
			baseConfigurationReferenceAnchor = 00A1E1C32DEFA2F200065196 /* vendano */;
			baseConfigurationReferenceRelativePath = "Vendano-Release.xcconfig";
			buildSettings = {
				ASSETCATALOG_COMPILER_ALTERNATE_APPICON_NAMES = "hosky-icon";
				ASSETCATALOG_COMPILER_APPICON_NAME = AppIcon;
				ASSETCATALOG_COMPILER_GLOBAL_ACCENT_COLOR_NAME = AccentColor;
				ASSETCATALOG_COMPILER_INCLUDE_ALL_APPICON_ASSETS = YES;
				CODE_SIGN_ENTITLEMENTS = vendano/vendano.entitlements;
				CODE_SIGN_STYLE = Automatic;
				CURRENT_PROJECT_VERSION = 6;
				DEBUG_INFORMATION_FORMAT = "dwarf-with-dsym";
				DEVELOPMENT_TEAM = 2H79A75SP9;
				ENABLE_PREVIEWS = YES;
				GENERATE_INFOPLIST_FILE = YES;
				INFOPLIST_FILE = vendano/Info.plist;
				INFOPLIST_KEY_CFBundleDisplayName = Vendano;
				INFOPLIST_KEY_LSApplicationCategoryType = "public.app-category.finance";
				INFOPLIST_KEY_NSFaceIDUsageDescription = "Vendano uses Face ID to confirm it’s you before sending ADA, so only you can authorize transactions.";
				INFOPLIST_KEY_UIApplicationSceneManifest_Generation = YES;
				INFOPLIST_KEY_UIApplicationSupportsIndirectInputEvents = YES;
				INFOPLIST_KEY_UIRequiresFullScreen = YES;
				INFOPLIST_KEY_UISupportedInterfaceOrientations = UIInterfaceOrientationPortrait;
				INFOPLIST_KEY_UISupportedInterfaceOrientations_iPad = "UIInterfaceOrientationLandscapeLeft UIInterfaceOrientationLandscapeRight UIInterfaceOrientationPortrait";
				IPHONEOS_DEPLOYMENT_TARGET = 18.0;
				LD_RUNPATH_SEARCH_PATHS = (
					"$(inherited)",
					"@executable_path/Frameworks",
				);
				MARKETING_VERSION = 1.01;
				ONLY_ACTIVE_ARCH = NO;
				OTHER_LDFLAGS = "-ObjC";
				OTHER_SWIFT_FLAGS = "";
				PRODUCT_BUNDLE_IDENTIFIER = net.vendano.iOS;
				PRODUCT_NAME = "$(TARGET_NAME)";
				SUPPORTED_PLATFORMS = "iphoneos iphonesimulator";
				SUPPORTS_MACCATALYST = NO;
				SUPPORTS_MAC_DESIGNED_FOR_IPHONE_IPAD = NO;
				SUPPORTS_XR_DESIGNED_FOR_IPHONE_IPAD = NO;
				SWIFT_COMPILATION_MODE = singlefile;
				SWIFT_EMIT_LOC_STRINGS = YES;
				SWIFT_OPTIMIZATION_LEVEL = "-Onone";
				SWIFT_VERSION = 5.0;
				TARGETED_DEVICE_FAMILY = "1,2";
			};
			name = Release;
		};
/* End XCBuildConfiguration section */

/* Begin XCConfigurationList section */
		00A1E1BC2DEFA2F200065196 /* Build configuration list for PBXProject "vendano" */ = {
			isa = XCConfigurationList;
			buildConfigurations = (
				00A1E1CA2DEFA2F300065196 /* Debug */,
				00A1E1CB2DEFA2F300065196 /* Release */,
			);
			defaultConfigurationIsVisible = 0;
			defaultConfigurationName = Release;
		};
		00A1E1CC2DEFA2F300065196 /* Build configuration list for PBXNativeTarget "vendano" */ = {
			isa = XCConfigurationList;
			buildConfigurations = (
				00A1E1CD2DEFA2F300065196 /* Debug */,
				00A1E1CE2DEFA2F300065196 /* Release */,
			);
			defaultConfigurationIsVisible = 0;
			defaultConfigurationName = Release;
		};
/* End XCConfigurationList section */

/* Begin XCRemoteSwiftPackageReference section */
		006A8F3D2DF3C8470026A5DD /* XCRemoteSwiftPackageReference "PhoneNumberKit" */ = {
			isa = XCRemoteSwiftPackageReference;
			repositoryURL = "https://github.com/marmelroy/PhoneNumberKit";
			requirement = {
				kind = upToNextMajorVersion;
				minimumVersion = 4.0.2;
			};
		};
		00A1E20D2DEFDD3300065196 /* XCRemoteSwiftPackageReference "Cardano.swift" */ = {
			isa = XCRemoteSwiftPackageReference;
			repositoryURL = "https://github.com/tesseract-one/Cardano.swift.git";
			requirement = {
				kind = upToNextMajorVersion;
				minimumVersion = 0.1.4;
			};
		};
		66268F9D2E8A5A0200A0D886 /* XCRemoteSwiftPackageReference "firebase-ios-sdk" */ = {
			isa = XCRemoteSwiftPackageReference;
			repositoryURL = "https://github.com/firebase/firebase-ios-sdk.git";
			requirement = {
				kind = upToNextMajorVersion;
				minimumVersion = 12.3.0;
			};
		};
/* End XCRemoteSwiftPackageReference section */

/* Begin XCSwiftPackageProductDependency section */
		006A8F3E2DF3C8470026A5DD /* PhoneNumberKit */ = {
			isa = XCSwiftPackageProductDependency;
			package = 006A8F3D2DF3C8470026A5DD /* XCRemoteSwiftPackageReference "PhoneNumberKit" */;
			productName = PhoneNumberKit;
		};
		00A1E20E2DEFDD3300065196 /* Cardano */ = {
			isa = XCSwiftPackageProductDependency;
			package = 00A1E20D2DEFDD3300065196 /* XCRemoteSwiftPackageReference "Cardano.swift" */;
			productName = Cardano;
		};
		00A1E2102DEFDD3300065196 /* CardanoBlockfrost */ = {
			isa = XCSwiftPackageProductDependency;
			package = 00A1E20D2DEFDD3300065196 /* XCRemoteSwiftPackageReference "Cardano.swift" */;
			productName = CardanoBlockfrost;
		};
		66268F9F2E8A5A5200A0D886 /* FirebaseAnalytics */ = {
			isa = XCSwiftPackageProductDependency;
			package = 66268F9D2E8A5A0200A0D886 /* XCRemoteSwiftPackageReference "firebase-ios-sdk" */;
			productName = FirebaseAnalytics;
		};
		66268FA12E8A5A5200A0D886 /* FirebaseAuth */ = {
			isa = XCSwiftPackageProductDependency;
			package = 66268F9D2E8A5A0200A0D886 /* XCRemoteSwiftPackageReference "firebase-ios-sdk" */;
			productName = FirebaseAuth;
		};
		66268FA32E8A5A5200A0D886 /* FirebaseFirestore */ = {
			isa = XCSwiftPackageProductDependency;
			package = 66268F9D2E8A5A0200A0D886 /* XCRemoteSwiftPackageReference "firebase-ios-sdk" */;
			productName = FirebaseFirestore;
		};
		66268FA52E8A5A6500A0D886 /* FirebaseMessaging */ = {
			isa = XCSwiftPackageProductDependency;
			package = 66268F9D2E8A5A0200A0D886 /* XCRemoteSwiftPackageReference "firebase-ios-sdk" */;
			productName = FirebaseMessaging;
		};
		66268FA72E8A5A6500A0D886 /* FirebaseStorage */ = {
			isa = XCSwiftPackageProductDependency;
			package = 66268F9D2E8A5A0200A0D886 /* XCRemoteSwiftPackageReference "firebase-ios-sdk" */;
			productName = FirebaseStorage;
		};
		66268FA92E8A5A8B00A0D886 /* FirebaseCrashlytics */ = {
			isa = XCSwiftPackageProductDependency;
			package = 66268F9D2E8A5A0200A0D886 /* XCRemoteSwiftPackageReference "firebase-ios-sdk" */;
			productName = FirebaseCrashlytics;
		};
/* End XCSwiftPackageProductDependency section */
	};
	rootObject = 00A1E1B92DEFA2F200065196 /* Project object */;
}
